
Microsoft Visual Studio Solution File, Format Version 12.00
# Visual Studio Version 17
VisualStudioVersion = 17.5.002.0
MinimumVisualStudioVersion = 10.0.40219.1
Project("{9A19103F-16F7-4668-BE54-9A1E7A4F7556}") = "ConsoleApp1", "ConsoleApp1.csproj", "{2BE15977-C03A-42AA-A093-D7D715037509}"
EndProject
Global
	GlobalSection(SolutionConfigurationPlatforms) = preSolution
		Debug|Any CPU = Debug|Any CPU
		Release|Any CPU = Release|Any CPU
	EndGlobalSection
	GlobalSection(ProjectConfigurationPlatforms) = postSolution
		{2BE15977-C03A-42AA-A093-D7D715037509}.Debug|Any CPU.ActiveCfg = Debug|Any CPU
		{2BE15977-C03A-42AA-A093-D7D715037509}.Debug|Any CPU.Build.0 = Debug|Any CPU
		{2BE15977-C03A-42AA-A093-D7D715037509}.Release|Any CPU.ActiveCfg = Release|Any CPU
		{2BE15977-C03A-42AA-A093-D7D715037509}.Release|Any CPU.Build.0 = Release|Any CPU
	EndGlobalSection
	GlobalSection(SolutionProperties) = preSolution
		HideSolutionNode = FALSE
	EndGlobalSection
	GlobalSection(ExtensibilityGlobals) = postSolution
		SolutionGuid = {78A078BD-7E27-4341-85ED-CA3F2BA9F7AA}
	EndGlobalSection
EndGlobal
